<?xml version="1.0" encoding="utf-8"?>
<Project ToolsVersion="4.0" xmlns="http://schemas.microsoft.com/developer/msbuild/2003">
  <ItemGroup>
    <Filter Include="Source Files">
      <UniqueIdentifier>{4FC737F1-C7A5-4376-A066-2A32D752A2FF}</UniqueIdentifier>
      <Extensions>cpp;c;cc;cxx;c++;cppm;ixx;def;odl;idl;hpj;bat;asm;asmx</Extensions>
    </Filter>
    <Filter Include="Header Files">
      <UniqueIdentifier>{93995380-89BD-4b04-88EB-625FBE52EBFB}</UniqueIdentifier>
      <Extensions>h;hh;hpp;hxx;h++;hm;inl;inc;ipp;xsd</Extensions>
    </Filter>
    <Filter Include="Resource Files">
      <UniqueIdentifier>{67DA6AB6-F800-4c08-8B7A-83BB121AAD01}</UniqueIdentifier>
      <Extensions>rc;ico;cur;bmp;dlg;rc2;rct;bin;rgs;gif;jpg;jpeg;jpe;resx;tiff;tif;png;wav;mfcribbon-ms</Extensions>
    </Filter>
    <Filter Include="Resource Files\Duck">
      <UniqueIdentifier>{9f01609c-6198-4629-a51f-f9d48879c3e1}</UniqueIdentifier>
    </Filter>
    <Filter Include="Resource Files\Sponza">
      <UniqueIdentifier>{87756171-4de2-4c81-ac47-5094dd52b738}</UniqueIdentifier>
    </Filter>
  </ItemGroup>
  <ItemGroup>
    <ClInclude Include="Utils.h">
      <Filter>Header Files</Filter>
    </ClInclude>
    <ClInclude Include="GlobalContext.h">
      <Filter>Header Files</Filter>
    </ClInclude>
    <ClInclude Include="M4.h">
      <Filter>Header Files</Filter>
    </ClInclude>
    <ClInclude Include="Typedefs.h">
      <Filter>Header Files</Filter>
    </ClInclude>
    <ClInclude Include="V2.h">
      <Filter>Header Files</Filter>
    </ClInclude>
    <ClInclude Include="V3.h">
      <Filter>Header Files</Filter>
    </ClInclude>
    <ClInclude Include="V4.h">
      <Filter>Header Files</Filter>
    </ClInclude>
    <ClInclude Include="Camera.h">
      <Filter>Header Files</Filter>
    </ClInclude>
    <ClInclude Include="Texture.h">
      <Filter>Header Files</Filter>
    </ClInclude>
    <ClInclude Include="SamplerType.h">
      <Filter>Header Files</Filter>
    </ClInclude>
    <ClInclude Include="Colors.h">
      <Filter>Header Files</Filter>
    </ClInclude>
    <ClInclude Include="ClipAxis.h">
      <Filter>Header Files</Filter>
    </ClInclude>
    <ClInclude Include="Model.h">
      <Filter>Header Files</Filter>
    </ClInclude>
    <ClInclude Include="ClipVertex.h">
      <Filter>Header Files</Filter>
    </ClInclude>
    <ClInclude Include="ClipResult.h">
      <Filter>Header Files</Filter>
    </ClInclude>
    <ClInclude Include="Constants.h">
      <Filter>Header Files</Filter>
    </ClInclude>
    <ClInclude Include="ModelLoader.h">
      <Filter>Header Files</Filter>
    </ClInclude>
    <ClInclude Include="SceneModel.h">
      <Filter>Header Files</Filter>
    </ClInclude>
    <ClInclude Include="FrameTimeLogger.h">
      <Filter>Header Files</Filter>
    </ClInclude>
  </ItemGroup>
  <ItemGroup>
    <ClCompile Include="main.cpp">
      <Filter>Source Files</Filter>
    </ClCompile>
    <ClCompile Include="GlobalContext.cpp">
      <Filter>Source Files</Filter>
    </ClCompile>
    <ClCompile Include="M4.cpp">
      <Filter>Source Files</Filter>
    </ClCompile>
    <ClCompile Include="V2.cpp">
      <Filter>Source Files</Filter>
    </ClCompile>
    <ClCompile Include="V3.cpp">
      <Filter>Source Files</Filter>
    </ClCompile>
    <ClCompile Include="V4.cpp">
      <Filter>Source Files</Filter>
    </ClCompile>
    <ClCompile Include="Camera.cpp">
      <Filter>Source Files</Filter>
    </ClCompile>
    <ClCompile Include="Texture.cpp">
      <Filter>Source Files</Filter>
    </ClCompile>
    <ClCompile Include="Utils.cpp">
      <Filter>Source Files</Filter>
    </ClCompile>
    <ClCompile Include="Model.cpp">
      <Filter>Source Files</Filter>
    </ClCompile>
    <ClCompile Include="ClipVertex.cpp">
      <Filter>Source Files</Filter>
    </ClCompile>
    <ClCompile Include="ClipResult.cpp">
      <Filter>Source Files</Filter>
    </ClCompile>
    <ClCompile Include="ModelLoader.cpp">
      <Filter>Source Files</Filter>
    </ClCompile>
    <ClCompile Include="SceneModel.cpp">
      <Filter>Source Files</Filter>
    </ClCompile>
    <ClCompile Include="FrameTimeLogger.cpp">
      <Filter>Source Files</Filter>
    </ClCompile>
  </ItemGroup>
  <ItemGroup>
    <None Include="assets\duck\Duck.gltf">
      <Filter>Resource Files\Duck</Filter>
    </None>
    <None Include="assets\duck\Duck0.bin">
      <Filter>Resource Files\Duck</Filter>
    </None>
    <None Include="assets\sponza\Sponza.bin">
      <Filter>Resource Files\Sponza</Filter>
    </None>
    <None Include="assets\sponza\Sponza.gltf">
      <Filter>Resource Files\Sponza</Filter>
    </None>
  </ItemGroup>
  <ItemGroup>
    <Image Include="assets\duck\textures\DuckCM.png">
      <Filter>Resource Files\Duck</Filter>
    </Image>
    <Image Include="assets\sponza\textures\332936164838540657.jpg">
      <Filter>Resource Files\Sponza</Filter>
    </Image>
    <Image Include="assets\sponza\textures\466164707995436622.jpg">
      <Filter>Resource Files\Sponza</Filter>
    </Image>
    <Image Include="assets\sponza\textures\715093869573992647.jpg">
      <Filter>Resource Files\Sponza</Filter>
    </Image>
    <Image Include="assets\sponza\textures\755318871556304029.jpg">
      <Filter>Resource Files\Sponza</Filter>
    </Image>
    <Image Include="assets\sponza\textures\759203620573749278.jpg">
      <Filter>Resource Files\Sponza</Filter>
    </Image>
    <Image Include="assets\sponza\textures\10381718147657362067.jpg">
      <Filter>Resource Files\Sponza</Filter>
    </Image>
    <Image Include="assets\sponza\textures\10388182081421875623.jpg">
      <Filter>Resource Files\Sponza</Filter>
    </Image>
    <Image Include="assets\sponza\textures\11474523244911310074.jpg">
      <Filter>Resource Files\Sponza</Filter>
    </Image>
    <Image Include="assets\sponza\textures\11490520546946913238.jpg">
      <Filter>Resource Files\Sponza</Filter>
    </Image>
    <Image Include="assets\sponza\textures\11872827283454512094.jpg">
      <Filter>Resource Files\Sponza</Filter>
    </Image>
    <Image Include="assets\sponza\textures\11968150294050148237.jpg">
      <Filter>Resource Files\Sponza</Filter>
    </Image>
    <Image Include="assets\sponza\textures\1219024358953944284.jpg">
      <Filter>Resource Files\Sponza</Filter>
    </Image>
    <Image Include="assets\sponza\textures\12501374198249454378.jpg">
      <Filter>Resource Files\Sponza</Filter>
    </Image>
    <Image Include="assets\sponza\textures\13196865903111448057.jpg">
      <Filter>Resource Files\Sponza</Filter>
    </Image>
    <Image Include="assets\sponza\textures\13824894030729245199.jpg">
      <Filter>Resource Files\Sponza</Filter>
    </Image>
    <Image Include="assets\sponza\textures\13982482287905699490.jpg">
      <Filter>Resource Files\Sponza</Filter>
    </Image>
    <Image Include="assets\sponza\textures\14118779221266351425.jpg">
      <Filter>Resource Files\Sponza</Filter>
    </Image>
    <Image Include="assets\sponza\textures\14170708867020035030.jpg">
      <Filter>Resource Files\Sponza</Filter>
    </Image>
    <Image Include="assets\sponza\textures\14267839433702832875.jpg">
      <Filter>Resource Files\Sponza</Filter>
    </Image>
    <Image Include="assets\sponza\textures\14650633544276105767.jpg">
      <Filter>Resource Files\Sponza</Filter>
    </Image>
    <Image Include="assets\sponza\textures\15295713303328085182.jpg">
      <Filter>Resource Files\Sponza</Filter>
    </Image>
    <Image Include="assets\sponza\textures\15722799267630235092.jpg">
      <Filter>Resource Files\Sponza</Filter>
    </Image>
    <Image Include="assets\sponza\textures\16275776544635328252.png">
      <Filter>Resource Files\Sponza</Filter>
    </Image>
    <Image Include="assets\sponza\textures\16299174074766089871.jpg">
      <Filter>Resource Files\Sponza</Filter>
    </Image>
    <Image Include="assets\sponza\textures\16885566240357350108.jpg">
      <Filter>Resource Files\Sponza</Filter>
    </Image>
    <Image Include="assets\sponza\textures\17556969131407844942.jpg">
      <Filter>Resource Files\Sponza</Filter>
    </Image>
    <Image Include="assets\sponza\textures\17876391417123941155.jpg">
      <Filter>Resource Files\Sponza</Filter>
    </Image>
    <Image Include="assets\sponza\textures\2051777328469649772.jpg">
      <Filter>Resource Files\Sponza</Filter>
    </Image>
    <Image Include="assets\sponza\textures\2185409758123873465.jpg">
      <Filter>Resource Files\Sponza</Filter>
    </Image>
    <Image Include="assets\sponza\textures\2299742237651021498.jpg">
      <Filter>Resource Files\Sponza</Filter>
    </Image>
    <Image Include="assets\sponza\textures\2374361008830720677.jpg">
      <Filter>Resource Files\Sponza</Filter>
    </Image>
    <Image Include="assets\sponza\textures\2411100444841994089.jpg">
      <Filter>Resource Files\Sponza</Filter>
    </Image>
    <Image Include="assets\sponza\textures\2775690330959970771.jpg">
      <Filter>Resource Files\Sponza</Filter>
    </Image>
    <Image Include="assets\sponza\textures\2969916736137545357.jpg">
      <Filter>Resource Files\Sponza</Filter>
    </Image>
    <Image Include="assets\sponza\textures\3371964815757888145.jpg">
      <Filter>Resource Files\Sponza</Filter>
    </Image>
    <Image Include="assets\sponza\textures\3455394979645218238.jpg">
      <Filter>Resource Files\Sponza</Filter>
    </Image>
    <Image Include="assets\sponza\textures\3628158980083700836.jpg">
      <Filter>Resource Files\Sponza</Filter>
    </Image>
    <Image Include="assets\sponza\textures\3827035219084910048.jpg">
      <Filter>Resource Files\Sponza</Filter>
    </Image>
    <Image Include="assets\sponza\textures\4477655471536070370.jpg">
      <Filter>Resource Files\Sponza</Filter>
    </Image>
    <Image Include="assets\sponza\textures\4601176305987539675.jpg">
      <Filter>Resource Files\Sponza</Filter>
    </Image>
    <Image Include="assets\sponza\textures\4675343432951571524.jpg">
      <Filter>Resource Files\Sponza</Filter>
    </Image>
    <Image Include="assets\sponza\textures\4871783166746854860.jpg">
      <Filter>Resource Files\Sponza</Filter>
    </Image>
    <Image Include="assets\sponza\textures\4910669866631290573.jpg">
      <Filter>Resource Files\Sponza</Filter>
    </Image>
    <Image Include="assets\sponza\textures\4975155472559461469.jpg">
      <Filter>Resource Files\Sponza</Filter>
    </Image>
    <Image Include="assets\sponza\textures\5061699253647017043.png">
      <Filter>Resource Files\Sponza</Filter>
    </Image>
    <Image Include="assets\sponza\textures\5792855332885324923.jpg">
      <Filter>Resource Files\Sponza</Filter>
    </Image>
    <Image Include="assets\sponza\textures\5823059166183034438.jpg">
      <Filter>Resource Files\Sponza</Filter>
    </Image>
    <Image Include="assets\sponza\textures\6047387724914829168.jpg">
      <Filter>Resource Files\Sponza</Filter>
    </Image>
    <Image Include="assets\sponza\textures\6151467286084645207.jpg">
      <Filter>Resource Files\Sponza</Filter>
    </Image>
    <Image Include="assets\sponza\textures\6593109234861095314.jpg">
      <Filter>Resource Files\Sponza</Filter>
    </Image>
    <Image Include="assets\sponza\textures\6667038893015345571.jpg">
      <Filter>Resource Files\Sponza</Filter>
    </Image>
    <Image Include="assets\sponza\textures\6772804448157695701.jpg">
      <Filter>Resource Files\Sponza</Filter>
    </Image>
    <Image Include="assets\sponza\textures\7056944414013900257.jpg">
      <Filter>Resource Files\Sponza</Filter>
    </Image>
    <Image Include="assets\sponza\textures\7268504077753552595.jpg">
      <Filter>Resource Files\Sponza</Filter>
    </Image>
    <Image Include="assets\sponza\textures\7441062115984513793.jpg">
      <Filter>Resource Files\Sponza</Filter>
    </Image>
    <Image Include="assets\sponza\textures\7645212358685992005.jpg">
      <Filter>Resource Files\Sponza</Filter>
    </Image>
    <Image Include="assets\sponza\textures\7815564343179553343.jpg">
      <Filter>Resource Files\Sponza</Filter>
    </Image>
    <Image Include="assets\sponza\textures\8006627369776289000.png">
      <Filter>Resource Files\Sponza</Filter>
    </Image>
    <Image Include="assets\sponza\textures\8051790464816141987.jpg">
      <Filter>Resource Files\Sponza</Filter>
    </Image>
    <Image Include="assets\sponza\textures\8114461559286000061.jpg">
      <Filter>Resource Files\Sponza</Filter>
    </Image>
    <Image Include="assets\sponza\textures\8481240838833932244.jpg">
      <Filter>Resource Files\Sponza</Filter>
    </Image>
    <Image Include="assets\sponza\textures\8503262930880235456.jpg">
      <Filter>Resource Files\Sponza</Filter>
    </Image>
    <Image Include="assets\sponza\textures\8747919177698443163.jpg">
      <Filter>Resource Files\Sponza</Filter>
    </Image>
    <Image Include="assets\sponza\textures\8750083169368950601.jpg">
      <Filter>Resource Files\Sponza</Filter>
    </Image>
    <Image Include="assets\sponza\textures\8773302468495022225.jpg">
      <Filter>Resource Files\Sponza</Filter>
    </Image>
    <Image Include="assets\sponza\textures\8783994986360286082.jpg">
      <Filter>Resource Files\Sponza</Filter>
    </Image>
    <Image Include="assets\sponza\textures\9288698199695299068.jpg">
      <Filter>Resource Files\Sponza</Filter>
    </Image>
    <Image Include="assets\sponza\textures\9916269861720640319.jpg">
      <Filter>Resource Files\Sponza</Filter>
    </Image>
    <Image Include="assets\sponza\textures\white.png">
      <Filter>Resource Files\Sponza</Filter>
    </Image>
  </ItemGroup>
</Project>