<?xml version="1.0" encoding="utf-8"?>
<Project ToolsVersion="4.0" xmlns="http://schemas.microsoft.com/developer/msbuild/2003">
  <ItemGroup>
    <Filter Include="Source Files">
      <UniqueIdentifier>{4FC737F1-C7A5-4376-A066-2A32D752A2FF}</UniqueIdentifier>
      <Extensions>cpp;c;cc;cxx;c++;cppm;ixx;def;odl;idl;hpj;bat;asm;asmx</Extensions>
    </Filter>
    <Filter Include="Resourse Files">
      <UniqueIdentifier>{4b9ac504-37b6-49dd-8462-8a3127a6a6ee}</UniqueIdentifier>
    </Filter>
    <Filter Include="Resourse Files\Assets">
      <UniqueIdentifier>{946c0c7c-dea3-40e7-b748-93ad7f4f3e31}</UniqueIdentifier>
    </Filter>
    <Filter Include="Resourse Files\Assets\Sponza">
      <UniqueIdentifier>{31e2ac43-1cd0-4732-9ff1-54f0a243cc4f}</UniqueIdentifier>
    </Filter>
    <Filter Include="CPU">
      <UniqueIdentifier>{66da4c14-3eb0-4c10-a213-0de70721c37e}</UniqueIdentifier>
    </Filter>
    <Filter Include="CPU\Header Files">
      <UniqueIdentifier>{41bc58b5-2615-402e-8c32-1b834faaefb6}</UniqueIdentifier>
    </Filter>
    <Filter Include="CPU\Source Files">
      <UniqueIdentifier>{e93d6661-8743-4178-b4ac-e73a95ef6e79}</UniqueIdentifier>
    </Filter>
    <Filter Include="Shared">
      <UniqueIdentifier>{77c8f0e7-0774-487a-8c0e-4350674d4421}</UniqueIdentifier>
    </Filter>
    <Filter Include="Shared\Math">
      <UniqueIdentifier>{fdb98784-7947-4eb1-9138-9da5bd65a9a8}</UniqueIdentifier>
    </Filter>
    <Filter Include="Shared\Math\Source Files">
      <UniqueIdentifier>{ec4ef360-45b1-49ea-8241-71590ab8ce30}</UniqueIdentifier>
    </Filter>
    <Filter Include="Shared\Math\Header Files">
      <UniqueIdentifier>{677c27db-b89d-4913-9f80-14f77f2ae23e}</UniqueIdentifier>
    </Filter>
    <Filter Include="Shared\Header Files">
      <UniqueIdentifier>{541b9dbd-72b2-4480-8d80-660ff416b7cc}</UniqueIdentifier>
    </Filter>
    <Filter Include="Shared\Source Files">
      <UniqueIdentifier>{1b035fd5-4e0d-4be1-af60-368837807479}</UniqueIdentifier>
    </Filter>
    <Filter Include="Dx12">
      <UniqueIdentifier>{7016c684-f4ca-4df6-8d20-ca760627369e}</UniqueIdentifier>
    </Filter>
    <Filter Include="Dx12\Source Files">
      <UniqueIdentifier>{989e98f1-dbff-47e5-bee8-e92a368e03a5}</UniqueIdentifier>
    </Filter>
    <Filter Include="Dx12\Header Files">
      <UniqueIdentifier>{50a3e010-5107-479f-97fb-7a2886733fbd}</UniqueIdentifier>
    </Filter>
    <Filter Include="Resourse Files\Assets\Fox">
      <UniqueIdentifier>{698a13cc-6403-4632-b3b3-60a42611396c}</UniqueIdentifier>
    </Filter>
    <Filter Include="Dx12\Shaders">
      <UniqueIdentifier>{16da4d79-dce8-4f1b-bbf7-b20fec9f66a9}</UniqueIdentifier>
    </Filter>
    <Filter Include="Dx12\Header Files\ShaderBytecode">
      <UniqueIdentifier>{e7f93fed-eff5-41e2-990f-e1c8d83cc669}</UniqueIdentifier>
    </Filter>
    <Filter Include="Resourse Files\Assets\Marci">
      <UniqueIdentifier>{0f8ad121-9556-4f72-aff9-889bbf0c59be}</UniqueIdentifier>
    </Filter>
    <Filter Include="Resourse Files\Assets\Marci\Textures">
      <UniqueIdentifier>{13f2cc45-2c10-4a8e-97e7-e1fe88a38a32}</UniqueIdentifier>
    </Filter>
  </ItemGroup>
  <ItemGroup>
    <ClInclude Include="cpu\ClipAxis.h">
      <Filter>CPU\Header Files</Filter>
    </ClInclude>
    <ClInclude Include="cpu\ClipResult.h">
      <Filter>CPU\Header Files</Filter>
    </ClInclude>
    <ClInclude Include="cpu\ClipVertex.h">
      <Filter>CPU\Header Files</Filter>
    </ClInclude>
    <ClInclude Include="cpu\CpuGlobalContext.h">
      <Filter>CPU\Header Files</Filter>
    </ClInclude>
    <ClInclude Include="shared\math\M4.h">
      <Filter>Shared\Math\Header Files</Filter>
    </ClInclude>
    <ClInclude Include="shared\math\V2.h">
      <Filter>Shared\Math\Header Files</Filter>
    </ClInclude>
    <ClInclude Include="shared\math\V3.h">
      <Filter>Shared\Math\Header Files</Filter>
    </ClInclude>
    <ClInclude Include="shared\math\V4.h">
      <Filter>Shared\Math\Header Files</Filter>
    </ClInclude>
    <ClInclude Include="shared\Camera.h">
      <Filter>Shared\Header Files</Filter>
    </ClInclude>
    <ClInclude Include="shared\Colors.h">
      <Filter>Shared\Header Files</Filter>
    </ClInclude>
    <ClInclude Include="shared\Constants.h">
      <Filter>Shared\Header Files</Filter>
    </ClInclude>
    <ClInclude Include="shared\FrameTimeLogger.h">
      <Filter>Shared\Header Files</Filter>
    </ClInclude>
    <ClInclude Include="shared\ModelLoader.h">
      <Filter>Shared\Header Files</Filter>
    </ClInclude>
    <ClInclude Include="shared\SamplerType.h">
      <Filter>Shared\Header Files</Filter>
    </ClInclude>
    <ClInclude Include="shared\Model.h">
      <Filter>Shared\Header Files</Filter>
    </ClInclude>
    <ClInclude Include="shared\Texture.h">
      <Filter>Shared\Header Files</Filter>
    </ClInclude>
    <ClInclude Include="shared\Typedefs.h">
      <Filter>Shared\Header Files</Filter>
    </ClInclude>
    <ClInclude Include="shared\Utils.h">
      <Filter>Shared\Header Files</Filter>
    </ClInclude>
    <ClInclude Include="shared\Vertex.h">
      <Filter>Shared\Header Files</Filter>
    </ClInclude>
    <ClInclude Include="shared\GlobalContext.h">
      <Filter>Shared\Header Files</Filter>
    </ClInclude>
    <ClInclude Include="shared\Mesh.h">
      <Filter>Shared\Header Files</Filter>
    </ClInclude>
    <ClInclude Include="dx12\Dx12DescriptorHeap.h">
      <Filter>Dx12\Header Files</Filter>
    </ClInclude>
    <ClInclude Include="dx12\Dx12GlobalContext.h">
      <Filter>Dx12\Header Files</Filter>
    </ClInclude>
    <ClInclude Include="dx12\Dx12Model.h">
      <Filter>Dx12\Header Files</Filter>
    </ClInclude>
    <ClInclude Include="dx12\Dx12PlacementHeap.h">
      <Filter>Dx12\Header Files</Filter>
    </ClInclude>
    <ClInclude Include="dx12\Dx12ShaderBytecode.h">
      <Filter>Dx12\Header Files</Filter>
    </ClInclude>
    <ClInclude Include="dx12\Dx12UploadBuffer.h">
      <Filter>Dx12\Header Files</Filter>
    </ClInclude>
  </ItemGroup>
  <ItemGroup>
    <ClCompile Include="main.cpp">
      <Filter>Source Files</Filter>
    </ClCompile>
    <ClCompile Include="cpu\ClipResult.cpp">
      <Filter>CPU\Source Files</Filter>
    </ClCompile>
    <ClCompile Include="cpu\ClipVertex.cpp">
      <Filter>CPU\Source Files</Filter>
    </ClCompile>
    <ClCompile Include="cpu\CpuGlobalContext.cpp">
      <Filter>CPU\Source Files</Filter>
    </ClCompile>
    <ClCompile Include="shared\math\M4.cpp">
      <Filter>Shared\Math\Source Files</Filter>
    </ClCompile>
    <ClCompile Include="shared\math\V2.cpp">
      <Filter>Shared\Math\Source Files</Filter>
    </ClCompile>
    <ClCompile Include="shared\math\V3.cpp">
      <Filter>Shared\Math\Source Files</Filter>
    </ClCompile>
    <ClCompile Include="shared\math\V4.cpp">
      <Filter>Shared\Math\Source Files</Filter>
    </ClCompile>
    <ClCompile Include="shared\Camera.cpp">
      <Filter>Shared\Source Files</Filter>
    </ClCompile>
    <ClCompile Include="shared\FrameTimeLogger.cpp">
      <Filter>Shared\Source Files</Filter>
    </ClCompile>
    <ClCompile Include="shared\ModelLoader.cpp">
      <Filter>Shared\Source Files</Filter>
    </ClCompile>
    <ClCompile Include="shared\Model.cpp">
      <Filter>Shared\Source Files</Filter>
    </ClCompile>
    <ClCompile Include="shared\Texture.cpp">
      <Filter>Shared\Source Files</Filter>
    </ClCompile>
    <ClCompile Include="shared\Utils.cpp">
      <Filter>Shared\Source Files</Filter>
    </ClCompile>
    <ClCompile Include="shared\GlobalContext.cpp">
      <Filter>Shared\Source Files</Filter>
    </ClCompile>
    <ClCompile Include="dx12\Dx12GlobalContext.cpp">
      <Filter>Dx12\Source Files</Filter>
    </ClCompile>
    <ClCompile Include="dx12\Dx12Model.cpp">
      <Filter>Dx12\Source Files</Filter>
    </ClCompile>
    <ClCompile Include="dx12\Dx12PlacementHeap.cpp">
      <Filter>Dx12\Source Files</Filter>
    </ClCompile>
    <ClCompile Include="dx12\Dx12ShaderBytecode.cpp">
      <Filter>Dx12\Source Files</Filter>
    </ClCompile>
  </ItemGroup>
  <ItemGroup>
    <None Include="assets\sponza\Sponza.bin">
      <Filter>Resourse Files\Assets\Sponza</Filter>
    </None>
    <None Include="assets\sponza\Sponza.gltf">
      <Filter>Resourse Files\Assets\Sponza</Filter>
    </None>
    <None Include="assets\fox\Fox.bin">
      <Filter>Resourse Files\Assets\Fox</Filter>
    </None>
    <None Include="assets\fox\Fox.gltf">
      <Filter>Resourse Files\Assets\Fox</Filter>
    </None>
    <None Include="PsMain.cso">
      <Filter>Dx12\Header Files\ShaderBytecode</Filter>
    </None>
    <None Include="VsMain.cso">
      <Filter>Dx12\Header Files\ShaderBytecode</Filter>
    </None>
    <None Include="assets\marci\scene.bin">
      <Filter>Resourse Files\Assets\Marci</Filter>
    </None>
    <None Include="assets\marci\scene.gltf">
      <Filter>Resourse Files\Assets\Marci</Filter>
    </None>
  </ItemGroup>
  <ItemGroup>
    <Image Include="assets\sponza\textures\332936164838540657.jpg">
      <Filter>Resourse Files\Assets\Sponza</Filter>
    </Image>
    <Image Include="assets\sponza\textures\466164707995436622.jpg">
      <Filter>Resourse Files\Assets\Sponza</Filter>
    </Image>
    <Image Include="assets\sponza\textures\715093869573992647.jpg">
      <Filter>Resourse Files\Assets\Sponza</Filter>
    </Image>
    <Image Include="assets\sponza\textures\755318871556304029.jpg">
      <Filter>Resourse Files\Assets\Sponza</Filter>
    </Image>
    <Image Include="assets\sponza\textures\759203620573749278.jpg">
      <Filter>Resourse Files\Assets\Sponza</Filter>
    </Image>
    <Image Include="assets\sponza\textures\10381718147657362067.jpg">
      <Filter>Resourse Files\Assets\Sponza</Filter>
    </Image>
    <Image Include="assets\sponza\textures\10388182081421875623.jpg">
      <Filter>Resourse Files\Assets\Sponza</Filter>
    </Image>
    <Image Include="assets\sponza\textures\11474523244911310074.jpg">
      <Filter>Resourse Files\Assets\Sponza</Filter>
    </Image>
    <Image Include="assets\sponza\textures\11490520546946913238.jpg">
      <Filter>Resourse Files\Assets\Sponza</Filter>
    </Image>
    <Image Include="assets\sponza\textures\11872827283454512094.jpg">
      <Filter>Resourse Files\Assets\Sponza</Filter>
    </Image>
    <Image Include="assets\sponza\textures\11968150294050148237.jpg">
      <Filter>Resourse Files\Assets\Sponza</Filter>
    </Image>
    <Image Include="assets\sponza\textures\1219024358953944284.jpg">
      <Filter>Resourse Files\Assets\Sponza</Filter>
    </Image>
    <Image Include="assets\sponza\textures\12501374198249454378.jpg">
      <Filter>Resourse Files\Assets\Sponza</Filter>
    </Image>
    <Image Include="assets\sponza\textures\13196865903111448057.jpg">
      <Filter>Resourse Files\Assets\Sponza</Filter>
    </Image>
    <Image Include="assets\sponza\textures\13824894030729245199.jpg">
      <Filter>Resourse Files\Assets\Sponza</Filter>
    </Image>
    <Image Include="assets\sponza\textures\13982482287905699490.jpg">
      <Filter>Resourse Files\Assets\Sponza</Filter>
    </Image>
    <Image Include="assets\sponza\textures\14118779221266351425.jpg">
      <Filter>Resourse Files\Assets\Sponza</Filter>
    </Image>
    <Image Include="assets\sponza\textures\14170708867020035030.jpg">
      <Filter>Resourse Files\Assets\Sponza</Filter>
    </Image>
    <Image Include="assets\sponza\textures\14267839433702832875.jpg">
      <Filter>Resourse Files\Assets\Sponza</Filter>
    </Image>
    <Image Include="assets\sponza\textures\14650633544276105767.jpg">
      <Filter>Resourse Files\Assets\Sponza</Filter>
    </Image>
    <Image Include="assets\sponza\textures\15295713303328085182.jpg">
      <Filter>Resourse Files\Assets\Sponza</Filter>
    </Image>
    <Image Include="assets\sponza\textures\15722799267630235092.jpg">
      <Filter>Resourse Files\Assets\Sponza</Filter>
    </Image>
    <Image Include="assets\sponza\textures\16275776544635328252.png">
      <Filter>Resourse Files\Assets\Sponza</Filter>
    </Image>
    <Image Include="assets\sponza\textures\16299174074766089871.jpg">
      <Filter>Resourse Files\Assets\Sponza</Filter>
    </Image>
    <Image Include="assets\sponza\textures\16885566240357350108.jpg">
      <Filter>Resourse Files\Assets\Sponza</Filter>
    </Image>
    <Image Include="assets\sponza\textures\17556969131407844942.jpg">
      <Filter>Resourse Files\Assets\Sponza</Filter>
    </Image>
    <Image Include="assets\sponza\textures\17876391417123941155.jpg">
      <Filter>Resourse Files\Assets\Sponza</Filter>
    </Image>
    <Image Include="assets\sponza\textures\2051777328469649772.jpg">
      <Filter>Resourse Files\Assets\Sponza</Filter>
    </Image>
    <Image Include="assets\sponza\textures\2185409758123873465.jpg">
      <Filter>Resourse Files\Assets\Sponza</Filter>
    </Image>
    <Image Include="assets\sponza\textures\2299742237651021498.jpg">
      <Filter>Resourse Files\Assets\Sponza</Filter>
    </Image>
    <Image Include="assets\sponza\textures\2374361008830720677.jpg">
      <Filter>Resourse Files\Assets\Sponza</Filter>
    </Image>
    <Image Include="assets\sponza\textures\2411100444841994089.jpg">
      <Filter>Resourse Files\Assets\Sponza</Filter>
    </Image>
    <Image Include="assets\sponza\textures\2775690330959970771.jpg">
      <Filter>Resourse Files\Assets\Sponza</Filter>
    </Image>
    <Image Include="assets\sponza\textures\2969916736137545357.jpg">
      <Filter>Resourse Files\Assets\Sponza</Filter>
    </Image>
    <Image Include="assets\sponza\textures\3371964815757888145.jpg">
      <Filter>Resourse Files\Assets\Sponza</Filter>
    </Image>
    <Image Include="assets\sponza\textures\3455394979645218238.jpg">
      <Filter>Resourse Files\Assets\Sponza</Filter>
    </Image>
    <Image Include="assets\sponza\textures\3628158980083700836.jpg">
      <Filter>Resourse Files\Assets\Sponza</Filter>
    </Image>
    <Image Include="assets\sponza\textures\3827035219084910048.jpg">
      <Filter>Resourse Files\Assets\Sponza</Filter>
    </Image>
    <Image Include="assets\sponza\textures\4477655471536070370.jpg">
      <Filter>Resourse Files\Assets\Sponza</Filter>
    </Image>
    <Image Include="assets\sponza\textures\4601176305987539675.jpg">
      <Filter>Resourse Files\Assets\Sponza</Filter>
    </Image>
    <Image Include="assets\sponza\textures\4675343432951571524.jpg">
      <Filter>Resourse Files\Assets\Sponza</Filter>
    </Image>
    <Image Include="assets\sponza\textures\4871783166746854860.jpg">
      <Filter>Resourse Files\Assets\Sponza</Filter>
    </Image>
    <Image Include="assets\sponza\textures\4910669866631290573.jpg">
      <Filter>Resourse Files\Assets\Sponza</Filter>
    </Image>
    <Image Include="assets\sponza\textures\4975155472559461469.jpg">
      <Filter>Resourse Files\Assets\Sponza</Filter>
    </Image>
    <Image Include="assets\sponza\textures\5061699253647017043.png">
      <Filter>Resourse Files\Assets\Sponza</Filter>
    </Image>
    <Image Include="assets\sponza\textures\5792855332885324923.jpg">
      <Filter>Resourse Files\Assets\Sponza</Filter>
    </Image>
    <Image Include="assets\sponza\textures\5823059166183034438.jpg">
      <Filter>Resourse Files\Assets\Sponza</Filter>
    </Image>
    <Image Include="assets\sponza\textures\6047387724914829168.jpg">
      <Filter>Resourse Files\Assets\Sponza</Filter>
    </Image>
    <Image Include="assets\sponza\textures\6151467286084645207.jpg">
      <Filter>Resourse Files\Assets\Sponza</Filter>
    </Image>
    <Image Include="assets\sponza\textures\6593109234861095314.jpg">
      <Filter>Resourse Files\Assets\Sponza</Filter>
    </Image>
    <Image Include="assets\sponza\textures\6667038893015345571.jpg">
      <Filter>Resourse Files\Assets\Sponza</Filter>
    </Image>
    <Image Include="assets\sponza\textures\6772804448157695701.jpg">
      <Filter>Resourse Files\Assets\Sponza</Filter>
    </Image>
    <Image Include="assets\sponza\textures\7056944414013900257.jpg">
      <Filter>Resourse Files\Assets\Sponza</Filter>
    </Image>
    <Image Include="assets\sponza\textures\7268504077753552595.jpg">
      <Filter>Resourse Files\Assets\Sponza</Filter>
    </Image>
    <Image Include="assets\sponza\textures\7441062115984513793.jpg">
      <Filter>Resourse Files\Assets\Sponza</Filter>
    </Image>
    <Image Include="assets\sponza\textures\7645212358685992005.jpg">
      <Filter>Resourse Files\Assets\Sponza</Filter>
    </Image>
    <Image Include="assets\sponza\textures\7815564343179553343.jpg">
      <Filter>Resourse Files\Assets\Sponza</Filter>
    </Image>
    <Image Include="assets\sponza\textures\8006627369776289000.png">
      <Filter>Resourse Files\Assets\Sponza</Filter>
    </Image>
    <Image Include="assets\sponza\textures\8051790464816141987.jpg">
      <Filter>Resourse Files\Assets\Sponza</Filter>
    </Image>
    <Image Include="assets\sponza\textures\8114461559286000061.jpg">
      <Filter>Resourse Files\Assets\Sponza</Filter>
    </Image>
    <Image Include="assets\sponza\textures\8481240838833932244.jpg">
      <Filter>Resourse Files\Assets\Sponza</Filter>
    </Image>
    <Image Include="assets\sponza\textures\8503262930880235456.jpg">
      <Filter>Resourse Files\Assets\Sponza</Filter>
    </Image>
    <Image Include="assets\sponza\textures\8747919177698443163.jpg">
      <Filter>Resourse Files\Assets\Sponza</Filter>
    </Image>
    <Image Include="assets\sponza\textures\8750083169368950601.jpg">
      <Filter>Resourse Files\Assets\Sponza</Filter>
    </Image>
    <Image Include="assets\sponza\textures\8773302468495022225.jpg">
      <Filter>Resourse Files\Assets\Sponza</Filter>
    </Image>
    <Image Include="assets\sponza\textures\8783994986360286082.jpg">
      <Filter>Resourse Files\Assets\Sponza</Filter>
    </Image>
    <Image Include="assets\sponza\textures\9288698199695299068.jpg">
      <Filter>Resourse Files\Assets\Sponza</Filter>
    </Image>
    <Image Include="assets\sponza\textures\9916269861720640319.jpg">
      <Filter>Resourse Files\Assets\Sponza</Filter>
    </Image>
    <Image Include="assets\sponza\textures\white.png">
      <Filter>Resourse Files\Assets\Sponza</Filter>
    </Image>
    <Image Include="assets\fox\Texture.png">
      <Filter>Resourse Files\Assets\Fox</Filter>
    </Image>
    <Image Include="assets\marci\textures\bagpack_baseColor.png">
      <Filter>Resourse Files\Assets\Marci\Textures</Filter>
    </Image>
    <Image Include="assets\marci\textures\bagpack_normal.png">
      <Filter>Resourse Files\Assets\Marci\Textures</Filter>
    </Image>
    <Image Include="assets\marci\textures\cape_baseColor.png">
      <Filter>Resourse Files\Assets\Marci\Textures</Filter>
    </Image>
    <Image Include="assets\marci\textures\cape_normal.png">
      <Filter>Resourse Files\Assets\Marci\Textures</Filter>
    </Image>
    <Image Include="assets\marci\textures\clothes_baseColor.png">
      <Filter>Resourse Files\Assets\Marci\Textures</Filter>
    </Image>
    <Image Include="assets\marci\textures\clothes_normal.png">
      <Filter>Resourse Files\Assets\Marci\Textures</Filter>
    </Image>
    <Image Include="assets\marci\textures\hair_baseColor.png">
      <Filter>Resourse Files\Assets\Marci\Textures</Filter>
    </Image>
    <Image Include="assets\marci\textures\hair_normal.png">
      <Filter>Resourse Files\Assets\Marci\Textures</Filter>
    </Image>
    <Image Include="assets\marci\textures\head_baseColor.png">
      <Filter>Resourse Files\Assets\Marci\Textures</Filter>
    </Image>
    <Image Include="assets\marci\textures\head_normal.png">
      <Filter>Resourse Files\Assets\Marci\Textures</Filter>
    </Image>
    <Image Include="assets\marci\textures\torso_baseColor.png">
      <Filter>Resourse Files\Assets\Marci\Textures</Filter>
    </Image>
    <Image Include="assets\marci\textures\torso_normal.png">
      <Filter>Resourse Files\Assets\Marci\Textures</Filter>
    </Image>
  </ItemGroup>
  <ItemGroup>
    <FxCompile Include="dx12\shaders\VsMain.hlsl">
      <Filter>Dx12\Shaders</Filter>
    </FxCompile>
    <FxCompile Include="dx12\shaders\PsMain.hlsl">
      <Filter>Dx12\Shaders</Filter>
    </FxCompile>
    <FxCompile Include="dx12\shaders\Common.hlsl">
      <Filter>Dx12\Shaders</Filter>
    </FxCompile>
  </ItemGroup>
</Project>